
Microsoft Visual Studio Solution File, Format Version 12.00
# Visual Studio Version 17
VisualStudioVersion = 17.9.34622.214
MinimumVisualStudioVersion = 10.0.40219.1
Project("{FAE04EC0-301F-11D3-BF4B-00C04F79EFBC}") = "Task1", "Task1\Task1.csproj", "{06378FDF-821B-46E7-823D-DB07D0097EEE}"
EndProject
Global
	GlobalSection(SolutionConfigurationPlatforms) = preSolution
		Debug|Any CPU = Debug|Any CPU
		Release|Any CPU = Release|Any CPU
	EndGlobalSection
	GlobalSection(ProjectConfigurationPlatforms) = postSolution
		{06378FDF-821B-46E7-823D-DB07D0097EEE}.Debug|Any CPU.ActiveCfg = Debug|Any CPU
		{06378FDF-821B-46E7-823D-DB07D0097EEE}.Debug|Any CPU.Build.0 = Debug|Any CPU
		{06378FDF-821B-46E7-823D-DB07D0097EEE}.Release|Any CPU.ActiveCfg = Release|Any CPU
		{06378FDF-821B-46E7-823D-DB07D0097EEE}.Release|Any CPU.Build.0 = Release|Any CPU
	EndGlobalSection
	GlobalSection(SolutionProperties) = preSolution
		HideSolutionNode = FALSE
	EndGlobalSection
	GlobalSection(ExtensibilityGlobals) = postSolution
		SolutionGuid = {C35D3213-A73C-4324-871C-D0E6C72A0D09}
	EndGlobalSection
EndGlobal
